
Microsoft Visual Studio Solution File, Format Version 12.00
# Visual Studio Version 17
VisualStudioVersion = 17.5.33424.131
MinimumVisualStudioVersion = 10.0.40219.1
Project("{9A19103F-16F7-4668-BE54-9A1E7A4F7556}") = "Client", "Client.csproj", "{90206A7C-E044-41D6-8BF4-FDB7A0549178}"
	ProjectSection(ProjectDependencies) = postProject
		{24156D6A-3022-4289-9BD3-5333EF91782E} = {24156D6A-3022-4289-9BD3-5333EF91782E}
		{42B0FBF4-F00D-448A-8B8D-ECE733D6901F} = {42B0FBF4-F00D-448A-8B8D-ECE733D6901F}
		{DBA1EF67-622E-49DA-912C-6DE5ABE083B2} = {DBA1EF67-622E-49DA-912C-6DE5ABE083B2}
	EndProjectSection
EndProject
Project("{9A19103F-16F7-4668-BE54-9A1E7A4F7556}") = "DocHandler", "..\DocHandler\DocHandler.csproj", "{42B0FBF4-F00D-448A-8B8D-ECE733D6901F}"
EndProject
Project("{9A19103F-16F7-4668-BE54-9A1E7A4F7556}") = "DocRepresentation", "..\DocRepresentation\DocRepresentation.csproj", "{DBA1EF67-622E-49DA-912C-6DE5ABE083B2}"
EndProject
Project("{9A19103F-16F7-4668-BE54-9A1E7A4F7556}") = "DocRanker", "..\DocRanker\DocRanker.csproj", "{24156D6A-3022-4289-9BD3-5333EF91782E}"
EndProject
Global
	GlobalSection(SolutionConfigurationPlatforms) = preSolution
		Debug|Any CPU = Debug|Any CPU
		Release|Any CPU = Release|Any CPU
	EndGlobalSection
	GlobalSection(ProjectConfigurationPlatforms) = postSolution
		{90206A7C-E044-41D6-8BF4-FDB7A0549178}.Debug|Any CPU.ActiveCfg = Debug|Any CPU
		{90206A7C-E044-41D6-8BF4-FDB7A0549178}.Debug|Any CPU.Build.0 = Debug|Any CPU
		{90206A7C-E044-41D6-8BF4-FDB7A0549178}.Release|Any CPU.ActiveCfg = Release|Any CPU
		{90206A7C-E044-41D6-8BF4-FDB7A0549178}.Release|Any CPU.Build.0 = Release|Any CPU
		{42B0FBF4-F00D-448A-8B8D-ECE733D6901F}.Debug|Any CPU.ActiveCfg = Debug|Any CPU
		{42B0FBF4-F00D-448A-8B8D-ECE733D6901F}.Debug|Any CPU.Build.0 = Debug|Any CPU
		{42B0FBF4-F00D-448A-8B8D-ECE733D6901F}.Release|Any CPU.ActiveCfg = Release|Any CPU
		{42B0FBF4-F00D-448A-8B8D-ECE733D6901F}.Release|Any CPU.Build.0 = Release|Any CPU
		{DBA1EF67-622E-49DA-912C-6DE5ABE083B2}.Debug|Any CPU.ActiveCfg = Debug|Any CPU
		{DBA1EF67-622E-49DA-912C-6DE5ABE083B2}.Debug|Any CPU.Build.0 = Debug|Any CPU
		{DBA1EF67-622E-49DA-912C-6DE5ABE083B2}.Release|Any CPU.ActiveCfg = Release|Any CPU
		{DBA1EF67-622E-49DA-912C-6DE5ABE083B2}.Release|Any CPU.Build.0 = Release|Any CPU
		{24156D6A-3022-4289-9BD3-5333EF91782E}.Debug|Any CPU.ActiveCfg = Debug|Any CPU
		{24156D6A-3022-4289-9BD3-5333EF91782E}.Debug|Any CPU.Build.0 = Debug|Any CPU
		{24156D6A-3022-4289-9BD3-5333EF91782E}.Release|Any CPU.ActiveCfg = Release|Any CPU
		{24156D6A-3022-4289-9BD3-5333EF91782E}.Release|Any CPU.Build.0 = Release|Any CPU
	EndGlobalSection
	GlobalSection(SolutionProperties) = preSolution
		HideSolutionNode = FALSE
	EndGlobalSection
	GlobalSection(ExtensibilityGlobals) = postSolution
		SolutionGuid = {02E0AD40-1E75-4E37-BDE8-330253926B65}
	EndGlobalSection
EndGlobal
