
Microsoft Visual Studio Solution File, Format Version 12.00
# Visual Studio Version 17
VisualStudioVersion = 17.5.33424.131
MinimumVisualStudioVersion = 10.0.40219.1
Project("{FAE04EC0-301F-11D3-BF4B-00C04F79EFBC}") = "DocHandler", "DocHandler.csproj", "{319950B0-D5AB-4374-AAB1-B93DFFCAA400}"
EndProject
Global
	GlobalSection(SolutionConfigurationPlatforms) = preSolution
		Debug|Any CPU = Debug|Any CPU
		Release|Any CPU = Release|Any CPU
	EndGlobalSection
	GlobalSection(ProjectConfigurationPlatforms) = postSolution
		{319950B0-D5AB-4374-AAB1-B93DFFCAA400}.Debug|Any CPU.ActiveCfg = Debug|Any CPU
		{319950B0-D5AB-4374-AAB1-B93DFFCAA400}.Debug|Any CPU.Build.0 = Debug|Any CPU
		{319950B0-D5AB-4374-AAB1-B93DFFCAA400}.Release|Any CPU.ActiveCfg = Release|Any CPU
		{319950B0-D5AB-4374-AAB1-B93DFFCAA400}.Release|Any CPU.Build.0 = Release|Any CPU
	EndGlobalSection
	GlobalSection(SolutionProperties) = preSolution
		HideSolutionNode = FALSE
	EndGlobalSection
	GlobalSection(ExtensibilityGlobals) = postSolution
		SolutionGuid = {743E056D-B84F-4304-9C38-A814A8272727}
	EndGlobalSection
EndGlobal
